// !$*UTF8*$!
{
	archiveVersion = 1;
	classes = {
	};
	objectVersion = 46;
	objects = {

/* Begin PBXBuildFile section */
		A40814641B86342E00E89A18 /* MV5BMTk0MDYxNTE0OV5BMl5BanBnXkFtZTgwODgyNjU3NTE@._V1__SX1053_SY719_.jpg in Resources */ = {isa = PBXBuildFile; fileRef = A40814631B86342E00E89A18 /* MV5BMTk0MDYxNTE0OV5BMl5BanBnXkFtZTgwODgyNjU3NTE@._V1__SX1053_SY719_.jpg */; };
		A40814661B86343C00E89A18 /* MV5BMTg2MTMyMzU0M15BMl5BanBnXkFtZTgwOTU3ODk4NTE@._V1__SX1053_SY719_.jpg in Resources */ = {isa = PBXBuildFile; fileRef = A40814651B86343C00E89A18 /* MV5BMTg2MTMyMzU0M15BMl5BanBnXkFtZTgwOTU3ODk4NTE@._V1__SX1053_SY719_.jpg */; };
		A40814681B86349900E89A18 /* MV5BMTc2NjQ4ODYyNF5BMl5BanBnXkFtZTgwODA3OTU5NTE@._V1__SX1053_SY719_.jpg in Resources */ = {isa = PBXBuildFile; fileRef = A40814671B86349900E89A18 /* MV5BMTc2NjQ4ODYyNF5BMl5BanBnXkFtZTgwODA3OTU5NTE@._V1__SX1053_SY719_.jpg */; };
		A408146A1B8634D700E89A18 /* MV5BMTY1NTM4ODYzM15BMl5BanBnXkFtZTgwNTY2NDIwNjE@._V1__SX1053_SY719_.jpg in Resources */ = {isa = PBXBuildFile; fileRef = A40814691B8634D700E89A18 /* MV5BMTY1NTM4ODYzM15BMl5BanBnXkFtZTgwNTY2NDIwNjE@._V1__SX1053_SY719_.jpg */; };
		A408146C1B86352100E89A18 /* MV5BMTQ4ODYxMTM0Nl5BMl5BanBnXkFtZTgwNTk0MzM1NjE@._V1__SX1053_SY719_.jpg in Resources */ = {isa = PBXBuildFile; fileRef = A408146B1B86352100E89A18 /* MV5BMTQ4ODYxMTM0Nl5BMl5BanBnXkFtZTgwNTk0MzM1NjE@._V1__SX1053_SY719_.jpg */; };
		A40814701B8635AF00E89A18 /* MV5BMjM2NTQ5Mzc2M15BMl5BanBnXkFtZTgwNTcxMDI2NTE@._V1__SX1053_SY719_.jpg in Resources */ = {isa = PBXBuildFile; fileRef = A408146F1B8635AF00E89A18 /* MV5BMjM2NTQ5Mzc2M15BMl5BanBnXkFtZTgwNTcxMDI2NTE@._V1__SX1053_SY719_.jpg */; };
		A40814731B8635DD00E89A18 /* Movie.swift in Sources */ = {isa = PBXBuildFile; fileRef = A40814721B8635DD00E89A18 /* Movie.swift */; };
		A40814751B863D1600E89A18 /* MovieDB.plist in Resources */ = {isa = PBXBuildFile; fileRef = A40814741B863D1600E89A18 /* MovieDB.plist */; };
		F5217F531A89F25500A3D0ED /* AppDelegate.swift in Sources */ = {isa = PBXBuildFile; fileRef = F5217F521A89F25500A3D0ED /* AppDelegate.swift */; };
		F5217F551A89F25500A3D0ED /* ViewController.swift in Sources */ = {isa = PBXBuildFile; fileRef = F5217F541A89F25500A3D0ED /* ViewController.swift */; };
		F5217F581A89F25500A3D0ED /* Main.storyboard in Resources */ = {isa = PBXBuildFile; fileRef = F5217F561A89F25500A3D0ED /* Main.storyboard */; };
		F5217F5A1A89F25500A3D0ED /* Images.xcassets in Resources */ = {isa = PBXBuildFile; fileRef = F5217F591A89F25500A3D0ED /* Images.xcassets */; };
		F5217F5D1A89F25500A3D0ED /* LaunchScreen.xib in Resources */ = {isa = PBXBuildFile; fileRef = F5217F5B1A89F25500A3D0ED /* LaunchScreen.xib */; };
		F5217F691A89F25500A3D0ED /* DemoTests.swift in Sources */ = {isa = PBXBuildFile; fileRef = F5217F681A89F25500A3D0ED /* DemoTests.swift */; };
		F5CD1F691A8A029200F6C1C4 /* MovieCell.swift in Sources */ = {isa = PBXBuildFile; fileRef = F5CD1F671A8A029200F6C1C4 /* MovieCell.swift */; };
		F5CD1F6A1A8A029200F6C1C4 /* MovieCell.xib in Resources */ = {isa = PBXBuildFile; fileRef = F5CD1F681A8A029200F6C1C4 /* MovieCell.xib */; };
		F5CD1F7E1A8A18D400F6C1C4 /* MovieDetail.swift in Sources */ = {isa = PBXBuildFile; fileRef = F5CD1F7D1A8A18D400F6C1C4 /* MovieDetail.swift */; };
/* End PBXBuildFile section */

/* Begin PBXContainerItemProxy section */
		F5217F631A89F25500A3D0ED /* PBXContainerItemProxy */ = {
			isa = PBXContainerItemProxy;
			containerPortal = F5217F451A89F25500A3D0ED /* Project object */;
			proxyType = 1;
			remoteGlobalIDString = F5217F4C1A89F25500A3D0ED;
			remoteInfo = Demo;
		};
/* End PBXContainerItemProxy section */

/* Begin PBXCopyFilesBuildPhase section */
		F5CD1F6E1A8A06C400F6C1C4 /* Embed Frameworks */ = {
			isa = PBXCopyFilesBuildPhase;
			buildActionMask = 2147483647;
			dstPath = "";
			dstSubfolderSpec = 10;
			files = (
			);
			name = "Embed Frameworks";
			runOnlyForDeploymentPostprocessing = 0;
		};
/* End PBXCopyFilesBuildPhase section */

/* Begin PBXFileReference section */
		A40814631B86342E00E89A18 /* MV5BMTk0MDYxNTE0OV5BMl5BanBnXkFtZTgwODgyNjU3NTE@._V1__SX1053_SY719_.jpg */ = {isa = PBXFileReference; lastKnownFileType = image.jpeg; path = "MV5BMTk0MDYxNTE0OV5BMl5BanBnXkFtZTgwODgyNjU3NTE@._V1__SX1053_SY719_.jpg"; sourceTree = "<group>"; };
		A40814651B86343C00E89A18 /* MV5BMTg2MTMyMzU0M15BMl5BanBnXkFtZTgwOTU3ODk4NTE@._V1__SX1053_SY719_.jpg */ = {isa = PBXFileReference; lastKnownFileType = image.jpeg; path = "MV5BMTg2MTMyMzU0M15BMl5BanBnXkFtZTgwOTU3ODk4NTE@._V1__SX1053_SY719_.jpg"; sourceTree = "<group>"; };
		A40814671B86349900E89A18 /* MV5BMTc2NjQ4ODYyNF5BMl5BanBnXkFtZTgwODA3OTU5NTE@._V1__SX1053_SY719_.jpg */ = {isa = PBXFileReference; lastKnownFileType = image.jpeg; path = "MV5BMTc2NjQ4ODYyNF5BMl5BanBnXkFtZTgwODA3OTU5NTE@._V1__SX1053_SY719_.jpg"; sourceTree = "<group>"; };
		A40814691B8634D700E89A18 /* MV5BMTY1NTM4ODYzM15BMl5BanBnXkFtZTgwNTY2NDIwNjE@._V1__SX1053_SY719_.jpg */ = {isa = PBXFileReference; lastKnownFileType = image.jpeg; path = "MV5BMTY1NTM4ODYzM15BMl5BanBnXkFtZTgwNTY2NDIwNjE@._V1__SX1053_SY719_.jpg"; sourceTree = "<group>"; };
		A408146B1B86352100E89A18 /* MV5BMTQ4ODYxMTM0Nl5BMl5BanBnXkFtZTgwNTk0MzM1NjE@._V1__SX1053_SY719_.jpg */ = {isa = PBXFileReference; lastKnownFileType = image.jpeg; path = "MV5BMTQ4ODYxMTM0Nl5BMl5BanBnXkFtZTgwNTk0MzM1NjE@._V1__SX1053_SY719_.jpg"; sourceTree = "<group>"; };
		A408146F1B8635AF00E89A18 /* MV5BMjM2NTQ5Mzc2M15BMl5BanBnXkFtZTgwNTcxMDI2NTE@._V1__SX1053_SY719_.jpg */ = {isa = PBXFileReference; lastKnownFileType = image.jpeg; path = "MV5BMjM2NTQ5Mzc2M15BMl5BanBnXkFtZTgwNTcxMDI2NTE@._V1__SX1053_SY719_.jpg"; sourceTree = "<group>"; };
		A40814721B8635DD00E89A18 /* Movie.swift */ = {isa = PBXFileReference; fileEncoding = 4; lastKnownFileType = sourcecode.swift; path = Movie.swift; sourceTree = "<group>"; };
		A40814741B863D1600E89A18 /* MovieDB.plist */ = {isa = PBXFileReference; fileEncoding = 4; lastKnownFileType = text.plist.xml; path = MovieDB.plist; sourceTree = "<group>"; };
		F5217F4D1A89F25500A3D0ED /* Demo.app */ = {isa = PBXFileReference; explicitFileType = wrapper.application; includeInIndex = 0; path = Demo.app; sourceTree = BUILT_PRODUCTS_DIR; };
		F5217F511A89F25500A3D0ED /* Info.plist */ = {isa = PBXFileReference; lastKnownFileType = text.plist.xml; path = Info.plist; sourceTree = "<group>"; };
		F5217F521A89F25500A3D0ED /* AppDelegate.swift */ = {isa = PBXFileReference; lastKnownFileType = sourcecode.swift; path = AppDelegate.swift; sourceTree = "<group>"; };
		F5217F541A89F25500A3D0ED /* ViewController.swift */ = {isa = PBXFileReference; lastKnownFileType = sourcecode.swift; path = ViewController.swift; sourceTree = "<group>"; };
		F5217F571A89F25500A3D0ED /* Base */ = {isa = PBXFileReference; lastKnownFileType = file.storyboard; name = Base; path = Base.lproj/Main.storyboard; sourceTree = "<group>"; };
		F5217F591A89F25500A3D0ED /* Images.xcassets */ = {isa = PBXFileReference; lastKnownFileType = folder.assetcatalog; path = Images.xcassets; sourceTree = "<group>"; };
		F5217F5C1A89F25500A3D0ED /* Base */ = {isa = PBXFileReference; lastKnownFileType = file.xib; name = Base; path = Base.lproj/LaunchScreen.xib; sourceTree = "<group>"; };
		F5217F621A89F25500A3D0ED /* DemoTests.xctest */ = {isa = PBXFileReference; explicitFileType = wrapper.cfbundle; includeInIndex = 0; path = DemoTests.xctest; sourceTree = BUILT_PRODUCTS_DIR; };
		F5217F671A89F25500A3D0ED /* Info.plist */ = {isa = PBXFileReference; lastKnownFileType = text.plist.xml; path = Info.plist; sourceTree = "<group>"; };
		F5217F681A89F25500A3D0ED /* DemoTests.swift */ = {isa = PBXFileReference; lastKnownFileType = sourcecode.swift; path = DemoTests.swift; sourceTree = "<group>"; };
		F5CD1F671A8A029200F6C1C4 /* MovieCell.swift */ = {isa = PBXFileReference; fileEncoding = 4; lastKnownFileType = sourcecode.swift; path = MovieCell.swift; sourceTree = "<group>"; };
		F5CD1F681A8A029200F6C1C4 /* MovieCell.xib */ = {isa = PBXFileReference; fileEncoding = 4; lastKnownFileType = file.xib; path = MovieCell.xib; sourceTree = "<group>"; };
		F5CD1F7D1A8A18D400F6C1C4 /* MovieDetail.swift */ = {isa = PBXFileReference; fileEncoding = 4; lastKnownFileType = sourcecode.swift; path = MovieDetail.swift; sourceTree = "<group>"; };
/* End PBXFileReference section */

/* Begin PBXFrameworksBuildPhase section */
		F5217F4A1A89F25500A3D0ED /* Frameworks */ = {
			isa = PBXFrameworksBuildPhase;
			buildActionMask = 2147483647;
			files = (
			);
			runOnlyForDeploymentPostprocessing = 0;
		};
		F5217F5F1A89F25500A3D0ED /* Frameworks */ = {
			isa = PBXFrameworksBuildPhase;
			buildActionMask = 2147483647;
			files = (
			);
			runOnlyForDeploymentPostprocessing = 0;
		};
/* End PBXFrameworksBuildPhase section */

/* Begin PBXGroup section */
		A408145E1B86333E00E89A18 /* Resources */ = {
			isa = PBXGroup;
			children = (
				A408146F1B8635AF00E89A18 /* MV5BMjM2NTQ5Mzc2M15BMl5BanBnXkFtZTgwNTcxMDI2NTE@._V1__SX1053_SY719_.jpg */,
				A408146B1B86352100E89A18 /* MV5BMTQ4ODYxMTM0Nl5BMl5BanBnXkFtZTgwNTk0MzM1NjE@._V1__SX1053_SY719_.jpg */,
				A40814691B8634D700E89A18 /* MV5BMTY1NTM4ODYzM15BMl5BanBnXkFtZTgwNTY2NDIwNjE@._V1__SX1053_SY719_.jpg */,
				A40814671B86349900E89A18 /* MV5BMTc2NjQ4ODYyNF5BMl5BanBnXkFtZTgwODA3OTU5NTE@._V1__SX1053_SY719_.jpg */,
				A40814651B86343C00E89A18 /* MV5BMTg2MTMyMzU0M15BMl5BanBnXkFtZTgwOTU3ODk4NTE@._V1__SX1053_SY719_.jpg */,
				A40814631B86342E00E89A18 /* MV5BMTk0MDYxNTE0OV5BMl5BanBnXkFtZTgwODgyNjU3NTE@._V1__SX1053_SY719_.jpg */,
				A40814741B863D1600E89A18 /* MovieDB.plist */,
			);
			path = Resources;
			sourceTree = "<group>";
		};
		A40814711B8635CB00E89A18 /* Models */ = {
			isa = PBXGroup;
			children = (
				A40814721B8635DD00E89A18 /* Movie.swift */,
			);
			path = Models;
			sourceTree = "<group>";
		};
		F5217F441A89F25500A3D0ED = {
			isa = PBXGroup;
			children = (
				F5217F4F1A89F25500A3D0ED /* Demo */,
				F5217F651A89F25500A3D0ED /* DemoTests */,
				F5217F4E1A89F25500A3D0ED /* Products */,
			);
			sourceTree = "<group>";
		};
		F5217F4E1A89F25500A3D0ED /* Products */ = {
			isa = PBXGroup;
			children = (
				F5217F4D1A89F25500A3D0ED /* Demo.app */,
				F5217F621A89F25500A3D0ED /* DemoTests.xctest */,
			);
			name = Products;
			sourceTree = "<group>";
		};
		F5217F4F1A89F25500A3D0ED /* Demo */ = {
			isa = PBXGroup;
			children = (
				A40814711B8635CB00E89A18 /* Models */,
				A408145E1B86333E00E89A18 /* Resources */,
				F5217F521A89F25500A3D0ED /* AppDelegate.swift */,
				F5217F541A89F25500A3D0ED /* ViewController.swift */,
				F5217F561A89F25500A3D0ED /* Main.storyboard */,
				F5217F591A89F25500A3D0ED /* Images.xcassets */,
				F5217F5B1A89F25500A3D0ED /* LaunchScreen.xib */,
				F5217F501A89F25500A3D0ED /* Supporting Files */,
				F5CD1F671A8A029200F6C1C4 /* MovieCell.swift */,
				F5CD1F681A8A029200F6C1C4 /* MovieCell.xib */,
				F5CD1F7D1A8A18D400F6C1C4 /* MovieDetail.swift */,
			);
			path = Demo;
			sourceTree = "<group>";
		};
		F5217F501A89F25500A3D0ED /* Supporting Files */ = {
			isa = PBXGroup;
			children = (
				F5217F511A89F25500A3D0ED /* Info.plist */,
			);
			name = "Supporting Files";
			sourceTree = "<group>";
		};
		F5217F651A89F25500A3D0ED /* DemoTests */ = {
			isa = PBXGroup;
			children = (
				F5217F681A89F25500A3D0ED /* DemoTests.swift */,
				F5217F661A89F25500A3D0ED /* Supporting Files */,
			);
			path = DemoTests;
			sourceTree = "<group>";
		};
		F5217F661A89F25500A3D0ED /* Supporting Files */ = {
			isa = PBXGroup;
			children = (
				F5217F671A89F25500A3D0ED /* Info.plist */,
			);
			name = "Supporting Files";
			sourceTree = "<group>";
		};
/* End PBXGroup section */

/* Begin PBXNativeTarget section */
		F5217F4C1A89F25500A3D0ED /* Demo */ = {
			isa = PBXNativeTarget;
			buildConfigurationList = F5217F6C1A89F25500A3D0ED /* Build configuration list for PBXNativeTarget "Demo" */;
			buildPhases = (
				F5217F491A89F25500A3D0ED /* Sources */,
				F5217F4A1A89F25500A3D0ED /* Frameworks */,
				F5217F4B1A89F25500A3D0ED /* Resources */,
				F5CD1F6E1A8A06C400F6C1C4 /* Embed Frameworks */,
			);
			buildRules = (
			);
			dependencies = (
			);
			name = Demo;
			productName = Demo;
			productReference = F5217F4D1A89F25500A3D0ED /* Demo.app */;
			productType = "com.apple.product-type.application";
		};
		F5217F611A89F25500A3D0ED /* DemoTests */ = {
			isa = PBXNativeTarget;
			buildConfigurationList = F5217F6F1A89F25500A3D0ED /* Build configuration list for PBXNativeTarget "DemoTests" */;
			buildPhases = (
				F5217F5E1A89F25500A3D0ED /* Sources */,
				F5217F5F1A89F25500A3D0ED /* Frameworks */,
				F5217F601A89F25500A3D0ED /* Resources */,
			);
			buildRules = (
			);
			dependencies = (
				F5217F641A89F25500A3D0ED /* PBXTargetDependency */,
			);
			name = DemoTests;
			productName = DemoTests;
			productReference = F5217F621A89F25500A3D0ED /* DemoTests.xctest */;
			productType = "com.apple.product-type.bundle.unit-test";
		};
/* End PBXNativeTarget section */

/* Begin PBXProject section */
		F5217F451A89F25500A3D0ED /* Project object */ = {
			isa = PBXProject;
			attributes = {
				LastUpgradeCheck = 0630;
				ORGANIZATIONNAME = Taskworld;
				TargetAttributes = {
					F5217F4C1A89F25500A3D0ED = {
						CreatedOnToolsVersion = 6.3;
					};
					F5217F611A89F25500A3D0ED = {
						CreatedOnToolsVersion = 6.3;
						TestTargetID = F5217F4C1A89F25500A3D0ED;
					};
				};
			};
			buildConfigurationList = F5217F481A89F25500A3D0ED /* Build configuration list for PBXProject "Demo" */;
			compatibilityVersion = "Xcode 3.2";
			developmentRegion = English;
			hasScannedForEncodings = 0;
			knownRegions = (
				en,
				Base,
			);
			mainGroup = F5217F441A89F25500A3D0ED;
			productRefGroup = F5217F4E1A89F25500A3D0ED /* Products */;
			projectDirPath = "";
			projectRoot = "";
			targets = (
				F5217F4C1A89F25500A3D0ED /* Demo */,
				F5217F611A89F25500A3D0ED /* DemoTests */,
			);
		};
/* End PBXProject section */

/* Begin PBXResourcesBuildPhase section */
		F5217F4B1A89F25500A3D0ED /* Resources */ = {
			isa = PBXResourcesBuildPhase;
			buildActionMask = 2147483647;
			files = (
				A40814641B86342E00E89A18 /* MV5BMTk0MDYxNTE0OV5BMl5BanBnXkFtZTgwODgyNjU3NTE@._V1__SX1053_SY719_.jpg in Resources */,
				A408146A1B8634D700E89A18 /* MV5BMTY1NTM4ODYzM15BMl5BanBnXkFtZTgwNTY2NDIwNjE@._V1__SX1053_SY719_.jpg in Resources */,
				F5217F581A89F25500A3D0ED /* Main.storyboard in Resources */,
				F5217F5D1A89F25500A3D0ED /* LaunchScreen.xib in Resources */,
				F5CD1F6A1A8A029200F6C1C4 /* MovieCell.xib in Resources */,
				F5217F5A1A89F25500A3D0ED /* Images.xcassets in Resources */,
				A40814661B86343C00E89A18 /* MV5BMTg2MTMyMzU0M15BMl5BanBnXkFtZTgwOTU3ODk4NTE@._V1__SX1053_SY719_.jpg in Resources */,
				A408146C1B86352100E89A18 /* MV5BMTQ4ODYxMTM0Nl5BMl5BanBnXkFtZTgwNTk0MzM1NjE@._V1__SX1053_SY719_.jpg in Resources */,
				A40814751B863D1600E89A18 /* MovieDB.plist in Resources */,
				A40814701B8635AF00E89A18 /* MV5BMjM2NTQ5Mzc2M15BMl5BanBnXkFtZTgwNTcxMDI2NTE@._V1__SX1053_SY719_.jpg in Resources */,
				A40814681B86349900E89A18 /* MV5BMTc2NjQ4ODYyNF5BMl5BanBnXkFtZTgwODA3OTU5NTE@._V1__SX1053_SY719_.jpg in Resources */,
			);
			runOnlyForDeploymentPostprocessing = 0;
		};
		F5217F601A89F25500A3D0ED /* Resources */ = {
			isa = PBXResourcesBuildPhase;
			buildActionMask = 2147483647;
			files = (
			);
			runOnlyForDeploymentPostprocessing = 0;
		};
/* End PBXResourcesBuildPhase section */

/* Begin PBXSourcesBuildPhase section */
		F5217F491A89F25500A3D0ED /* Sources */ = {
			isa = PBXSourcesBuildPhase;
			buildActionMask = 2147483647;
			files = (
				F5217F551A89F25500A3D0ED /* ViewController.swift in Sources */,
				F5217F531A89F25500A3D0ED /* AppDelegate.swift in Sources */,
				F5CD1F691A8A029200F6C1C4 /* MovieCell.swift in Sources */,
				F5CD1F7E1A8A18D400F6C1C4 /* MovieDetail.swift in Sources */,
				A40814731B8635DD00E89A18 /* Movie.swift in Sources */,
			);
			runOnlyForDeploymentPostprocessing = 0;
		};
		F5217F5E1A89F25500A3D0ED /* Sources */ = {
			isa = PBXSourcesBuildPhase;
			buildActionMask = 2147483647;
			files = (
				F5217F691A89F25500A3D0ED /* DemoTests.swift in Sources */,
			);
			runOnlyForDeploymentPostprocessing = 0;
		};
/* End PBXSourcesBuildPhase section */

/* Begin PBXTargetDependency section */
		F5217F641A89F25500A3D0ED /* PBXTargetDependency */ = {
			isa = PBXTargetDependency;
			target = F5217F4C1A89F25500A3D0ED /* Demo */;
			targetProxy = F5217F631A89F25500A3D0ED /* PBXContainerItemProxy */;
		};
/* End PBXTargetDependency section */

/* Begin PBXVariantGroup section */
		F5217F561A89F25500A3D0ED /* Main.storyboard */ = {
			isa = PBXVariantGroup;
			children = (
				F5217F571A89F25500A3D0ED /* Base */,
			);
			name = Main.storyboard;
			sourceTree = "<group>";
		};
		F5217F5B1A89F25500A3D0ED /* LaunchScreen.xib */ = {
			isa = PBXVariantGroup;
			children = (
				F5217F5C1A89F25500A3D0ED /* Base */,
			);
			name = LaunchScreen.xib;
			sourceTree = "<group>";
		};
/* End PBXVariantGroup section */

/* Begin XCBuildConfiguration section */
		F5217F6A1A89F25500A3D0ED /* Debug */ = {
			isa = XCBuildConfiguration;
			buildSettings = {
				ALWAYS_SEARCH_USER_PATHS = NO;
				CLANG_CXX_LANGUAGE_STANDARD = "gnu++0x";
				CLANG_CXX_LIBRARY = "libc++";
				CLANG_ENABLE_MODULES = YES;
				CLANG_ENABLE_OBJC_ARC = YES;
				CLANG_WARN_BOOL_CONVERSION = YES;
				CLANG_WARN_CONSTANT_CONVERSION = YES;
				CLANG_WARN_DIRECT_OBJC_ISA_USAGE = YES_ERROR;
				CLANG_WARN_EMPTY_BODY = YES;
				CLANG_WARN_ENUM_CONVERSION = YES;
				CLANG_WARN_INT_CONVERSION = YES;
				CLANG_WARN_OBJC_ROOT_CLASS = YES_ERROR;
				CLANG_WARN_UNREACHABLE_CODE = YES;
				CLANG_WARN__DUPLICATE_METHOD_MATCH = YES;
				"CODE_SIGN_IDENTITY[sdk=iphoneos*]" = "iPhone Developer";
				COPY_PHASE_STRIP = NO;
				DEBUG_INFORMATION_FORMAT = dwarf;
				ENABLE_STRICT_OBJC_MSGSEND = YES;
				GCC_C_LANGUAGE_STANDARD = gnu99;
				GCC_DYNAMIC_NO_PIC = NO;
				GCC_OPTIMIZATION_LEVEL = 0;
				GCC_PREPROCESSOR_DEFINITIONS = (
					"DEBUG=1",
					"$(inherited)",
				);
				GCC_SYMBOLS_PRIVATE_EXTERN = NO;
				GCC_WARN_64_TO_32_BIT_CONVERSION = YES;
				GCC_WARN_ABOUT_RETURN_TYPE = YES_ERROR;
				GCC_WARN_UNDECLARED_SELECTOR = YES;
				GCC_WARN_UNINITIALIZED_AUTOS = YES_AGGRESSIVE;
				GCC_WARN_UNUSED_FUNCTION = YES;
				GCC_WARN_UNUSED_VARIABLE = YES;
				IPHONEOS_DEPLOYMENT_TARGET = 8.3;
				MTL_ENABLE_DEBUG_INFO = YES;
				ONLY_ACTIVE_ARCH = YES;
				SDKROOT = iphoneos;
				SWIFT_OPTIMIZATION_LEVEL = "-Onone";
			};
			name = Debug;
		};
		F5217F6B1A89F25500A3D0ED /* Release */ = {
			isa = XCBuildConfiguration;
			buildSettings = {
				ALWAYS_SEARCH_USER_PATHS = NO;
				CLANG_CXX_LANGUAGE_STANDARD = "gnu++0x";
				CLANG_CXX_LIBRARY = "libc++";
				CLANG_ENABLE_MODULES = YES;
				CLANG_ENABLE_OBJC_ARC = YES;
				CLANG_WARN_BOOL_CONVERSION = YES;
				CLANG_WARN_CONSTANT_CONVERSION = YES;
				CLANG_WARN_DIRECT_OBJC_ISA_USAGE = YES_ERROR;
				CLANG_WARN_EMPTY_BODY = YES;
				CLANG_WARN_ENUM_CONVERSION = YES;
				CLANG_WARN_INT_CONVERSION = YES;
				CLANG_WARN_OBJC_ROOT_CLASS = YES_ERROR;
				CLANG_WARN_UNREACHABLE_CODE = YES;
				CLANG_WARN__DUPLICATE_METHOD_MATCH = YES;
				"CODE_SIGN_IDENTITY[sdk=iphoneos*]" = "iPhone Developer";
				COPY_PHASE_STRIP = NO;
				DEBUG_INFORMATION_FORMAT = "dwarf-with-dsym";
				ENABLE_NS_ASSERTIONS = NO;
				ENABLE_STRICT_OBJC_MSGSEND = YES;
				GCC_C_LANGUAGE_STANDARD = gnu99;
				GCC_WARN_64_TO_32_BIT_CONVERSION = YES;
				GCC_WARN_ABOUT_RETURN_TYPE = YES_ERROR;
				GCC_WARN_UNDECLARED_SELECTOR = YES;
				GCC_WARN_UNINITIALIZED_AUTOS = YES_AGGRESSIVE;
				GCC_WARN_UNUSED_FUNCTION = YES;
				GCC_WARN_UNUSED_VARIABLE = YES;
				IPHONEOS_DEPLOYMENT_TARGET = 8.3;
				MTL_ENABLE_DEBUG_INFO = NO;
				SDKROOT = iphoneos;
				VALIDATE_PRODUCT = YES;
			};
			name = Release;
		};
		F5217F6D1A89F25500A3D0ED /* Debug */ = {
			isa = XCBuildConfiguration;
			buildSettings = {
				ASSETCATALOG_COMPILER_APPICON_NAME = AppIcon;
				FRAMEWORK_SEARCH_PATHS = "$(inherited)";
				HEADER_SEARCH_PATHS = "$(inherited)";
				INFOPLIST_FILE = Demo/Info.plist;
				IPHONEOS_DEPLOYMENT_TARGET = 8.4;
				LD_RUNPATH_SEARCH_PATHS = "$(inherited) @executable_path/Frameworks";
				LIBRARY_SEARCH_PATHS = "";
				PRODUCT_NAME = "$(TARGET_NAME)";
			};
			name = Debug;
		};
		F5217F6E1A89F25500A3D0ED /* Release */ = {
			isa = XCBuildConfiguration;
			buildSettings = {
				ASSETCATALOG_COMPILER_APPICON_NAME = AppIcon;
				FRAMEWORK_SEARCH_PATHS = "$(inherited)";
				HEADER_SEARCH_PATHS = "$(inherited)";
				INFOPLIST_FILE = Demo/Info.plist;
				IPHONEOS_DEPLOYMENT_TARGET = 8.4;
				LD_RUNPATH_SEARCH_PATHS = "$(inherited) @executable_path/Frameworks";
				LIBRARY_SEARCH_PATHS = "";
				PRODUCT_NAME = "$(TARGET_NAME)";
			};
			name = Release;
		};
		F5217F701A89F25500A3D0ED /* Debug */ = {
			isa = XCBuildConfiguration;
			buildSettings = {
				BUNDLE_LOADER = "$(TEST_HOST)";
				FRAMEWORK_SEARCH_PATHS = (
					"$(SDKROOT)/Developer/Library/Frameworks",
					"$(inherited)",
				);
				GCC_PREPROCESSOR_DEFINITIONS = (
					"DEBUG=1",
					"$(inherited)",
				);
				INFOPLIST_FILE = DemoTests/Info.plist;
				LD_RUNPATH_SEARCH_PATHS = "$(inherited) @executable_path/Frameworks @loader_path/Frameworks";
				PRODUCT_NAME = "$(TARGET_NAME)";
				TEST_HOST = "$(BUILT_PRODUCTS_DIR)/Demo.app/Demo";
			};
			name = Debug;
		};
		F5217F711A89F25500A3D0ED /* Release */ = {
			isa = XCBuildConfiguration;
			buildSettings = {
				BUNDLE_LOADER = "$(TEST_HOST)";
				FRAMEWORK_SEARCH_PATHS = (
					"$(SDKROOT)/Developer/Library/Frameworks",
					"$(inherited)",
				);
				INFOPLIST_FILE = DemoTests/Info.plist;
				LD_RUNPATH_SEARCH_PATHS = "$(inherited) @executable_path/Frameworks @loader_path/Frameworks";
				PRODUCT_NAME = "$(TARGET_NAME)";
				TEST_HOST = "$(BUILT_PRODUCTS_DIR)/Demo.app/Demo";
			};
			name = Release;
		};
/* End XCBuildConfiguration section */

/* Begin XCConfigurationList section */
		F5217F481A89F25500A3D0ED /* Build configuration list for PBXProject "Demo" */ = {
			isa = XCConfigurationList;
			buildConfigurations = (
				F5217F6A1A89F25500A3D0ED /* Debug */,
				F5217F6B1A89F25500A3D0ED /* Release */,
			);
			defaultConfigurationIsVisible = 0;
			defaultConfigurationName = Release;
		};
		F5217F6C1A89F25500A3D0ED /* Build configuration list for PBXNativeTarget "Demo" */ = {
			isa = XCConfigurationList;
			buildConfigurations = (
				F5217F6D1A89F25500A3D0ED /* Debug */,
				F5217F6E1A89F25500A3D0ED /* Release */,
			);
			defaultConfigurationIsVisible = 0;
			defaultConfigurationName = Release;
		};
		F5217F6F1A89F25500A3D0ED /* Build configuration list for PBXNativeTarget "DemoTests" */ = {
			isa = XCConfigurationList;
			buildConfigurations = (
				F5217F701A89F25500A3D0ED /* Debug */,
				F5217F711A89F25500A3D0ED /* Release */,
			);
			defaultConfigurationIsVisible = 0;
			defaultConfigurationName = Release;
		};
/* End XCConfigurationList section */
	};
	rootObject = F5217F451A89F25500A3D0ED /* Project object */;
}
